
Microsoft Visual Studio Solution File, Format Version 12.00
# Visual Studio Version 17
VisualStudioVersion = 17.3.32901.215
MinimumVisualStudioVersion = 10.0.40219.1
Project("{FAE04EC0-301F-11D3-BF4B-00C04F79EFBC}") = "CG-5", "CG-5\CG-5.csproj", "{3190530F-21C3-4BE6-BC93-DBE703E00325}"
EndProject
Global
	GlobalSection(SolutionConfigurationPlatforms) = preSolution
		Debug|Any CPU = Debug|Any CPU
		Release|Any CPU = Release|Any CPU
	EndGlobalSection
	GlobalSection(ProjectConfigurationPlatforms) = postSolution
		{3190530F-21C3-4BE6-BC93-DBE703E00325}.Debug|Any CPU.ActiveCfg = Debug|Any CPU
		{3190530F-21C3-4BE6-BC93-DBE703E00325}.Debug|Any CPU.Build.0 = Debug|Any CPU
		{3190530F-21C3-4BE6-BC93-DBE703E00325}.Release|Any CPU.ActiveCfg = Release|Any CPU
		{3190530F-21C3-4BE6-BC93-DBE703E00325}.Release|Any CPU.Build.0 = Release|Any CPU
	EndGlobalSection
	GlobalSection(SolutionProperties) = preSolution
		HideSolutionNode = FALSE
	EndGlobalSection
	GlobalSection(ExtensibilityGlobals) = postSolution
		SolutionGuid = {D8EEE6C1-96D0-46DD-8E21-9A8D96514C51}
	EndGlobalSection
EndGlobal
